
Microsoft Visual Studio Solution File, Format Version 12.00
# Visual Studio 14
VisualStudioVersion = 14.0.25420.1
MinimumVisualStudioVersion = 10.0.40219.1
Project("{FAE04EC0-301F-11D3-BF4B-00C04F79EFBC}") = "wpfHello", "wpfHello\wpfHello.csproj", "{DE971DD5-A272-4119-913D-FB8A1200BA76}"
EndProject
Project("{FAE04EC0-301F-11D3-BF4B-00C04F79EFBC}") = "Tehtävät 9-1", "Tehtävät 9-1\Tehtävät 9-1.csproj", "{FB38112B-3970-4A5D-8B0C-21ACE92B912B}"
EndProject
Project("{FAE04EC0-301F-11D3-BF4B-00C04F79EFBC}") = "Tehtävät 9-2", "Tehtävät 9-2\Tehtävät 9-2.csproj", "{C5A54C38-B080-4B9F-93F2-FAD79CD94212}"
EndProject
Global
	GlobalSection(SolutionConfigurationPlatforms) = preSolution
		Debug|Any CPU = Debug|Any CPU
		Release|Any CPU = Release|Any CPU
	EndGlobalSection
	GlobalSection(ProjectConfigurationPlatforms) = postSolution
		{DE971DD5-A272-4119-913D-FB8A1200BA76}.Debug|Any CPU.ActiveCfg = Debug|Any CPU
		{DE971DD5-A272-4119-913D-FB8A1200BA76}.Debug|Any CPU.Build.0 = Debug|Any CPU
		{DE971DD5-A272-4119-913D-FB8A1200BA76}.Release|Any CPU.ActiveCfg = Release|Any CPU
		{DE971DD5-A272-4119-913D-FB8A1200BA76}.Release|Any CPU.Build.0 = Release|Any CPU
		{FB38112B-3970-4A5D-8B0C-21ACE92B912B}.Debug|Any CPU.ActiveCfg = Debug|Any CPU
		{FB38112B-3970-4A5D-8B0C-21ACE92B912B}.Debug|Any CPU.Build.0 = Debug|Any CPU
		{FB38112B-3970-4A5D-8B0C-21ACE92B912B}.Release|Any CPU.ActiveCfg = Release|Any CPU
		{FB38112B-3970-4A5D-8B0C-21ACE92B912B}.Release|Any CPU.Build.0 = Release|Any CPU
		{C5A54C38-B080-4B9F-93F2-FAD79CD94212}.Debug|Any CPU.ActiveCfg = Debug|Any CPU
		{C5A54C38-B080-4B9F-93F2-FAD79CD94212}.Debug|Any CPU.Build.0 = Debug|Any CPU
		{C5A54C38-B080-4B9F-93F2-FAD79CD94212}.Release|Any CPU.ActiveCfg = Release|Any CPU
		{C5A54C38-B080-4B9F-93F2-FAD79CD94212}.Release|Any CPU.Build.0 = Release|Any CPU
	EndGlobalSection
	GlobalSection(SolutionProperties) = preSolution
		HideSolutionNode = FALSE
	EndGlobalSection
EndGlobal
