
Microsoft Visual Studio Solution File, Format Version 12.00
# Visual Studio 14
VisualStudioVersion = 14.0.25420.1
MinimumVisualStudioVersion = 10.0.40219.1
Project("{FAE04EC0-301F-11D3-BF4B-00C04F79EFBC}") = "wpfHello", "wpfHello\wpfHello.csproj", "{DE971DD5-A272-4119-913D-FB8A1200BA76}"
EndProject
Project("{FAE04EC0-301F-11D3-BF4B-00C04F79EFBC}") = "Tehtävät 9-1", "Tehtävät 9-1\Tehtävät 9-1.csproj", "{FB38112B-3970-4A5D-8B0C-21ACE92B912B}"
EndProject
Project("{FAE04EC0-301F-11D3-BF4B-00C04F79EFBC}") = "Tehtävät 9-2", "Tehtävät 9-2\Tehtävät 9-2.csproj", "{C5A54C38-B080-4B9F-93F2-FAD79CD94212}"
EndProject
Project("{FAE04EC0-301F-11D3-BF4B-00C04F79EFBC}") = "Tehtävät 9-3", "Tehtävät10-1\Tehtävät 9-3.csproj", "{06121BA8-E48A-4033-B4C0-8B1E7B86A91A}"
EndProject
Project("{FAE04EC0-301F-11D3-BF4B-00C04F79EFBC}") = "Tehtävät 10-1-1", "Tehtävät 10-1-1\Tehtävät 10-1-1.csproj", "{267435B3-5214-408C-9D7D-C0BA4688821C}"
EndProject
Project("{FAE04EC0-301F-11D3-BF4B-00C04F79EFBC}") = "Tehtävät 10-2", "Tehtävät 10-2\Tehtävät 10-2.csproj", "{E4EB4A1B-8933-458B-B180-964F1BA105F6}"
EndProject
Project("{FAE04EC0-301F-11D3-BF4B-00C04F79EFBC}") = "Tehtävät 10-3", "Tehtävät 10-3\Tehtävät 10-3.csproj", "{01C26A75-1770-4D15-A037-0773FE9F62F8}"
EndProject
Project("{FAE04EC0-301F-11D3-BF4B-00C04F79EFBC}") = "T11Esim", "T11Esim\T11Esim.csproj", "{ADDE9983-ECE5-4618-A5E9-80C4E9DFB44A}"
EndProject
Project("{FAE04EC0-301F-11D3-BF4B-00C04F79EFBC}") = "T11Esim2", "T11Esim2\T11Esim2.csproj", "{95D37FC6-01BC-429D-B20E-43E9BF5B7367}"
EndProject
Project("{FAE04EC0-301F-11D3-BF4B-00C04F79EFBC}") = "Tehtävät 11-3", "Tehtävät 11-3\Tehtävät 11-3.csproj", "{F1714D25-7255-4709-A34B-E2BE0F2816D1}"
EndProject
Global
	GlobalSection(SolutionConfigurationPlatforms) = preSolution
		Debug|Any CPU = Debug|Any CPU
		Release|Any CPU = Release|Any CPU
	EndGlobalSection
	GlobalSection(ProjectConfigurationPlatforms) = postSolution
		{DE971DD5-A272-4119-913D-FB8A1200BA76}.Debug|Any CPU.ActiveCfg = Debug|Any CPU
		{DE971DD5-A272-4119-913D-FB8A1200BA76}.Debug|Any CPU.Build.0 = Debug|Any CPU
		{DE971DD5-A272-4119-913D-FB8A1200BA76}.Release|Any CPU.ActiveCfg = Release|Any CPU
		{DE971DD5-A272-4119-913D-FB8A1200BA76}.Release|Any CPU.Build.0 = Release|Any CPU
		{FB38112B-3970-4A5D-8B0C-21ACE92B912B}.Debug|Any CPU.ActiveCfg = Debug|Any CPU
		{FB38112B-3970-4A5D-8B0C-21ACE92B912B}.Debug|Any CPU.Build.0 = Debug|Any CPU
		{FB38112B-3970-4A5D-8B0C-21ACE92B912B}.Release|Any CPU.ActiveCfg = Release|Any CPU
		{FB38112B-3970-4A5D-8B0C-21ACE92B912B}.Release|Any CPU.Build.0 = Release|Any CPU
		{C5A54C38-B080-4B9F-93F2-FAD79CD94212}.Debug|Any CPU.ActiveCfg = Debug|Any CPU
		{C5A54C38-B080-4B9F-93F2-FAD79CD94212}.Debug|Any CPU.Build.0 = Debug|Any CPU
		{C5A54C38-B080-4B9F-93F2-FAD79CD94212}.Release|Any CPU.ActiveCfg = Release|Any CPU
		{C5A54C38-B080-4B9F-93F2-FAD79CD94212}.Release|Any CPU.Build.0 = Release|Any CPU
		{06121BA8-E48A-4033-B4C0-8B1E7B86A91A}.Debug|Any CPU.ActiveCfg = Debug|Any CPU
		{06121BA8-E48A-4033-B4C0-8B1E7B86A91A}.Debug|Any CPU.Build.0 = Debug|Any CPU
		{06121BA8-E48A-4033-B4C0-8B1E7B86A91A}.Release|Any CPU.ActiveCfg = Release|Any CPU
		{06121BA8-E48A-4033-B4C0-8B1E7B86A91A}.Release|Any CPU.Build.0 = Release|Any CPU
		{267435B3-5214-408C-9D7D-C0BA4688821C}.Debug|Any CPU.ActiveCfg = Debug|Any CPU
		{267435B3-5214-408C-9D7D-C0BA4688821C}.Debug|Any CPU.Build.0 = Debug|Any CPU
		{267435B3-5214-408C-9D7D-C0BA4688821C}.Release|Any CPU.ActiveCfg = Release|Any CPU
		{267435B3-5214-408C-9D7D-C0BA4688821C}.Release|Any CPU.Build.0 = Release|Any CPU
		{E4EB4A1B-8933-458B-B180-964F1BA105F6}.Debug|Any CPU.ActiveCfg = Debug|Any CPU
		{E4EB4A1B-8933-458B-B180-964F1BA105F6}.Debug|Any CPU.Build.0 = Debug|Any CPU
		{E4EB4A1B-8933-458B-B180-964F1BA105F6}.Release|Any CPU.ActiveCfg = Release|Any CPU
		{E4EB4A1B-8933-458B-B180-964F1BA105F6}.Release|Any CPU.Build.0 = Release|Any CPU
		{01C26A75-1770-4D15-A037-0773FE9F62F8}.Debug|Any CPU.ActiveCfg = Debug|Any CPU
		{01C26A75-1770-4D15-A037-0773FE9F62F8}.Debug|Any CPU.Build.0 = Debug|Any CPU
		{01C26A75-1770-4D15-A037-0773FE9F62F8}.Release|Any CPU.ActiveCfg = Release|Any CPU
		{01C26A75-1770-4D15-A037-0773FE9F62F8}.Release|Any CPU.Build.0 = Release|Any CPU
		{ADDE9983-ECE5-4618-A5E9-80C4E9DFB44A}.Debug|Any CPU.ActiveCfg = Debug|Any CPU
		{ADDE9983-ECE5-4618-A5E9-80C4E9DFB44A}.Debug|Any CPU.Build.0 = Debug|Any CPU
		{ADDE9983-ECE5-4618-A5E9-80C4E9DFB44A}.Release|Any CPU.ActiveCfg = Release|Any CPU
		{ADDE9983-ECE5-4618-A5E9-80C4E9DFB44A}.Release|Any CPU.Build.0 = Release|Any CPU
		{95D37FC6-01BC-429D-B20E-43E9BF5B7367}.Debug|Any CPU.ActiveCfg = Debug|Any CPU
		{95D37FC6-01BC-429D-B20E-43E9BF5B7367}.Debug|Any CPU.Build.0 = Debug|Any CPU
		{95D37FC6-01BC-429D-B20E-43E9BF5B7367}.Release|Any CPU.ActiveCfg = Release|Any CPU
		{95D37FC6-01BC-429D-B20E-43E9BF5B7367}.Release|Any CPU.Build.0 = Release|Any CPU
		{F1714D25-7255-4709-A34B-E2BE0F2816D1}.Debug|Any CPU.ActiveCfg = Debug|Any CPU
		{F1714D25-7255-4709-A34B-E2BE0F2816D1}.Debug|Any CPU.Build.0 = Debug|Any CPU
		{F1714D25-7255-4709-A34B-E2BE0F2816D1}.Release|Any CPU.ActiveCfg = Release|Any CPU
		{F1714D25-7255-4709-A34B-E2BE0F2816D1}.Release|Any CPU.Build.0 = Release|Any CPU
	EndGlobalSection
	GlobalSection(SolutionProperties) = preSolution
		HideSolutionNode = FALSE
	EndGlobalSection
EndGlobal
